
Microsoft Visual Studio Solution File, Format Version 12.00
# Visual Studio Version 17
VisualStudioVersion = 17.8.34309.116
MinimumVisualStudioVersion = 10.0.40219.1
Project("{FAE04EC0-301F-11D3-BF4B-00C04F79EFBC}") = "GuiFractionCalculator", "GuiFractionCalculator\GuiFractionCalculator.csproj", "{D0EF8CF3-45EE-4433-8709-AE48B0E4AB6C}"
EndProject
Global
	GlobalSection(SolutionConfigurationPlatforms) = preSolution
		Debug|Any CPU = Debug|Any CPU
		Release|Any CPU = Release|Any CPU
	EndGlobalSection
	GlobalSection(ProjectConfigurationPlatforms) = postSolution
		{D0EF8CF3-45EE-4433-8709-AE48B0E4AB6C}.Debug|Any CPU.ActiveCfg = Debug|Any CPU
		{D0EF8CF3-45EE-4433-8709-AE48B0E4AB6C}.Debug|Any CPU.Build.0 = Debug|Any CPU
		{D0EF8CF3-45EE-4433-8709-AE48B0E4AB6C}.Release|Any CPU.ActiveCfg = Release|Any CPU
		{D0EF8CF3-45EE-4433-8709-AE48B0E4AB6C}.Release|Any CPU.Build.0 = Release|Any CPU
	EndGlobalSection
	GlobalSection(SolutionProperties) = preSolution
		HideSolutionNode = FALSE
	EndGlobalSection
	GlobalSection(ExtensibilityGlobals) = postSolution
		SolutionGuid = {E061AB7A-CAC8-41FF-8282-07509BE3295C}
	EndGlobalSection
EndGlobal
